
Microsoft Visual Studio Solution File, Format Version 12.00
# Visual Studio Version 17
VisualStudioVersion = 17.4.33110.190
MinimumVisualStudioVersion = 10.0.40219.1
Project("{FAE04EC0-301F-11D3-BF4B-00C04F79EFBC}") = "StudentRecord", "StudentRecord.csproj", "{5F9C221B-3B51-424F-9F78-88E0C1076809}"
EndProject
Global
	GlobalSection(SolutionConfigurationPlatforms) = preSolution
		Debug|Any CPU = Debug|Any CPU
		Release|Any CPU = Release|Any CPU
	EndGlobalSection
	GlobalSection(ProjectConfigurationPlatforms) = postSolution
		{5F9C221B-3B51-424F-9F78-88E0C1076809}.Debug|Any CPU.ActiveCfg = Debug|Any CPU
		{5F9C221B-3B51-424F-9F78-88E0C1076809}.Debug|Any CPU.Build.0 = Debug|Any CPU
		{5F9C221B-3B51-424F-9F78-88E0C1076809}.Release|Any CPU.ActiveCfg = Release|Any CPU
		{5F9C221B-3B51-424F-9F78-88E0C1076809}.Release|Any CPU.Build.0 = Release|Any CPU
	EndGlobalSection
	GlobalSection(SolutionProperties) = preSolution
		HideSolutionNode = FALSE
	EndGlobalSection
	GlobalSection(ExtensibilityGlobals) = postSolution
		SolutionGuid = {448E0F51-5C5B-40F7-9A84-3A01D26BCD4B}
	EndGlobalSection
EndGlobal
